
Microsoft Visual Studio Solution File, Format Version 12.00
# Visual Studio Version 17
VisualStudioVersion = 17.5.002.0
MinimumVisualStudioVersion = 10.0.40219.1
Project("{9A19103F-16F7-4668-BE54-9A1E7A4F7556}") = "MVC_Giris", "MVC_Giris.csproj", "{B8D61FA7-9595-4E63-9B67-EAB4F68DE325}"
EndProject
Global
	GlobalSection(SolutionConfigurationPlatforms) = preSolution
		Debug|Any CPU = Debug|Any CPU
		Release|Any CPU = Release|Any CPU
	EndGlobalSection
	GlobalSection(ProjectConfigurationPlatforms) = postSolution
		{B8D61FA7-9595-4E63-9B67-EAB4F68DE325}.Debug|Any CPU.ActiveCfg = Debug|Any CPU
		{B8D61FA7-9595-4E63-9B67-EAB4F68DE325}.Debug|Any CPU.Build.0 = Debug|Any CPU
		{B8D61FA7-9595-4E63-9B67-EAB4F68DE325}.Release|Any CPU.ActiveCfg = Release|Any CPU
		{B8D61FA7-9595-4E63-9B67-EAB4F68DE325}.Release|Any CPU.Build.0 = Release|Any CPU
	EndGlobalSection
	GlobalSection(SolutionProperties) = preSolution
		HideSolutionNode = FALSE
	EndGlobalSection
	GlobalSection(ExtensibilityGlobals) = postSolution
		SolutionGuid = {E9982571-5316-41FC-9983-6BB44CA7E57D}
	EndGlobalSection
EndGlobal
